schema: '2.0'
stages:
  preparation:
    cmd: python3 model_preprocessing.py
    deps:
    - path: data/breast_cancer.csv
      hash: md5
      md5: 5afc23b9622f8f9ffa60824f4e97d0d5
      size: 121385
    - path: model_preprocessing.py
      hash: md5
      md5: 8355f4d929dfd642fc2d5e7babf183eb
      size: 3811
    outs:
    - path: data/model/test.csv
      hash: md5
      md5: 03e82372a8cea3b8812dfa98f4888013
      size: 22810
    - path: data/model/train.csv
      hash: md5
      md5: 033d4655dcacd3f700792693a2e5b17a
      size: 90886
  create_model:
    cmd: python model_creation.py
    deps:
    - path: data/model/train.csv
      hash: md5
      md5: 033d4655dcacd3f700792693a2e5b17a
      size: 90886
    - path: model_creation.py
      hash: md5
      md5: b0fddaece5a7d346fb5bf2f7be606b15
      size: 862
    outs:
    - path: data/model_knn/neigh_model.pkl
      hash: md5
      md5: d2f4aa0793630879c028ce0cfef33139
      size: 34811
  evaluate:
    cmd: python test_model.py
    deps:
    - path: data/model/test.csv
      hash: md5
      md5: 03e82372a8cea3b8812dfa98f4888013
      size: 22810
    - path: data/model_knn/neigh_model.pkl
      hash: md5
      md5: d2f4aa0793630879c028ce0cfef33139
      size: 34811
    - path: test_model.py
      hash: md5
      md5: bfe993fda5ceb610742ca01a7899981a
      size: 726
    outs:
    - path: data/model_knn/metrics/accuracy.json
      hash: md5
      md5: 0c315cbcf768a4c1105ed8265ae86250
      size: 516
